// !$*UTF8*$!
{
	archiveVersion = 1;
	classes = {
	};
	objectVersion = 55;
	objects = {

/* Begin PBXBuildFile section */
		47FC678127CBBABE00AFF4A0 /* UI_484App.swift in Sources */ = {isa = PBXBuildFile; fileRef = 47FC678027CBBABE00AFF4A0 /* UI_484App.swift */; };
		47FC678327CBBABE00AFF4A0 /* ContentView.swift in Sources */ = {isa = PBXBuildFile; fileRef = 47FC678227CBBABE00AFF4A0 /* ContentView.swift */; };
		47FC678527CBBABF00AFF4A0 /* Assets.xcassets in Resources */ = {isa = PBXBuildFile; fileRef = 47FC678427CBBABF00AFF4A0 /* Assets.xcassets */; };
		47FC678827CBBABF00AFF4A0 /* Preview Assets.xcassets in Resources */ = {isa = PBXBuildFile; fileRef = 47FC678727CBBABF00AFF4A0 /* Preview Assets.xcassets */; };
		47FC679227CBBABF00AFF4A0 /* UI_484Tests.swift in Sources */ = {isa = PBXBuildFile; fileRef = 47FC679127CBBABF00AFF4A0 /* UI_484Tests.swift */; };
		47FC679C27CBBABF00AFF4A0 /* UI_484UITests.swift in Sources */ = {isa = PBXBuildFile; fileRef = 47FC679B27CBBABF00AFF4A0 /* UI_484UITests.swift */; };
		47FC679E27CBBABF00AFF4A0 /* UI_484UITestsLaunchTests.swift in Sources */ = {isa = PBXBuildFile; fileRef = 47FC679D27CBBABF00AFF4A0 /* UI_484UITestsLaunchTests.swift */; };
		47FC67AC27CBBAE300AFF4A0 /* Home.swift in Sources */ = {isa = PBXBuildFile; fileRef = 47FC67AB27CBBAE300AFF4A0 /* Home.swift */; };
		47FC67AF27CBBAF300AFF4A0 /* Card.swift in Sources */ = {isa = PBXBuildFile; fileRef = 47FC67AE27CBBAF300AFF4A0 /* Card.swift */; };
		47FC67B127CBBB0C00AFF4A0 /* Expense.swift in Sources */ = {isa = PBXBuildFile; fileRef = 47FC67B027CBBB0C00AFF4A0 /* Expense.swift */; };
/* End PBXBuildFile section */

/* Begin PBXContainerItemProxy section */
		47FC678E27CBBABF00AFF4A0 /* PBXContainerItemProxy */ = {
			isa = PBXContainerItemProxy;
			containerPortal = 47FC677527CBBABE00AFF4A0 /* Project object */;
			proxyType = 1;
			remoteGlobalIDString = 47FC677C27CBBABE00AFF4A0;
			remoteInfo = "UI-484";
		};
		47FC679827CBBABF00AFF4A0 /* PBXContainerItemProxy */ = {
			isa = PBXContainerItemProxy;
			containerPortal = 47FC677527CBBABE00AFF4A0 /* Project object */;
			proxyType = 1;
			remoteGlobalIDString = 47FC677C27CBBABE00AFF4A0;
			remoteInfo = "UI-484";
		};
/* End PBXContainerItemProxy section */

/* Begin PBXFileReference section */
		47FC677D27CBBABE00AFF4A0 /* UI-484.app */ = {isa = PBXFileReference; explicitFileType = wrapper.application; includeInIndex = 0; path = "UI-484.app"; sourceTree = BUILT_PRODUCTS_DIR; };
		47FC678027CBBABE00AFF4A0 /* UI_484App.swift */ = {isa = PBXFileReference; lastKnownFileType = sourcecode.swift; path = UI_484App.swift; sourceTree = "<group>"; };
		47FC678227CBBABE00AFF4A0 /* ContentView.swift */ = {isa = PBXFileReference; lastKnownFileType = sourcecode.swift; path = ContentView.swift; sourceTree = "<group>"; };
		47FC678427CBBABF00AFF4A0 /* Assets.xcassets */ = {isa = PBXFileReference; lastKnownFileType = folder.assetcatalog; path = Assets.xcassets; sourceTree = "<group>"; };
		47FC678727CBBABF00AFF4A0 /* Preview Assets.xcassets */ = {isa = PBXFileReference; lastKnownFileType = folder.assetcatalog; path = "Preview Assets.xcassets"; sourceTree = "<group>"; };
		47FC678D27CBBABF00AFF4A0 /* UI-484Tests.xctest */ = {isa = PBXFileReference; explicitFileType = wrapper.cfbundle; includeInIndex = 0; path = "UI-484Tests.xctest"; sourceTree = BUILT_PRODUCTS_DIR; };
		47FC679127CBBABF00AFF4A0 /* UI_484Tests.swift */ = {isa = PBXFileReference; lastKnownFileType = sourcecode.swift; path = UI_484Tests.swift; sourceTree = "<group>"; };
		47FC679727CBBABF00AFF4A0 /* UI-484UITests.xctest */ = {isa = PBXFileReference; explicitFileType = wrapper.cfbundle; includeInIndex = 0; path = "UI-484UITests.xctest"; sourceTree = BUILT_PRODUCTS_DIR; };
		47FC679B27CBBABF00AFF4A0 /* UI_484UITests.swift */ = {isa = PBXFileReference; lastKnownFileType = sourcecode.swift; path = UI_484UITests.swift; sourceTree = "<group>"; };
		47FC679D27CBBABF00AFF4A0 /* UI_484UITestsLaunchTests.swift */ = {isa = PBXFileReference; lastKnownFileType = sourcecode.swift; path = UI_484UITestsLaunchTests.swift; sourceTree = "<group>"; };
		47FC67AB27CBBAE300AFF4A0 /* Home.swift */ = {isa = PBXFileReference; lastKnownFileType = sourcecode.swift; path = Home.swift; sourceTree = "<group>"; };
		47FC67AE27CBBAF300AFF4A0 /* Card.swift */ = {isa = PBXFileReference; lastKnownFileType = sourcecode.swift; path = Card.swift; sourceTree = "<group>"; };
		47FC67B027CBBB0C00AFF4A0 /* Expense.swift */ = {isa = PBXFileReference; lastKnownFileType = sourcecode.swift; path = Expense.swift; sourceTree = "<group>"; };
/* End PBXFileReference section */

/* Begin PBXFrameworksBuildPhase section */
		47FC677A27CBBABE00AFF4A0 /* Frameworks */ = {
			isa = PBXFrameworksBuildPhase;
			buildActionMask = 2147483647;
			files = (
			);
			runOnlyForDeploymentPostprocessing = 0;
		};
		47FC678A27CBBABF00AFF4A0 /* Frameworks */ = {
			isa = PBXFrameworksBuildPhase;
			buildActionMask = 2147483647;
			files = (
			);
			runOnlyForDeploymentPostprocessing = 0;
		};
		47FC679427CBBABF00AFF4A0 /* Frameworks */ = {
			isa = PBXFrameworksBuildPhase;
			buildActionMask = 2147483647;
			files = (
			);
			runOnlyForDeploymentPostprocessing = 0;
		};
/* End PBXFrameworksBuildPhase section */

/* Begin PBXGroup section */
		47FC677427CBBABE00AFF4A0 = {
			isa = PBXGroup;
			children = (
				47FC677F27CBBABE00AFF4A0 /* UI-484 */,
				47FC679027CBBABF00AFF4A0 /* UI-484Tests */,
				47FC679A27CBBABF00AFF4A0 /* UI-484UITests */,
				47FC677E27CBBABE00AFF4A0 /* Products */,
			);
			sourceTree = "<group>";
		};
		47FC677E27CBBABE00AFF4A0 /* Products */ = {
			isa = PBXGroup;
			children = (
				47FC677D27CBBABE00AFF4A0 /* UI-484.app */,
				47FC678D27CBBABF00AFF4A0 /* UI-484Tests.xctest */,
				47FC679727CBBABF00AFF4A0 /* UI-484UITests.xctest */,
			);
			name = Products;
			sourceTree = "<group>";
		};
		47FC677F27CBBABE00AFF4A0 /* UI-484 */ = {
			isa = PBXGroup;
			children = (
				47FC67AD27CBBAE500AFF4A0 /* Model */,
				47FC67AA27CBBADD00AFF4A0 /* View */,
				47FC678027CBBABE00AFF4A0 /* UI_484App.swift */,
				47FC678227CBBABE00AFF4A0 /* ContentView.swift */,
				47FC678427CBBABF00AFF4A0 /* Assets.xcassets */,
				47FC678627CBBABF00AFF4A0 /* Preview Content */,
			);
			path = "UI-484";
			sourceTree = "<group>";
		};
		47FC678627CBBABF00AFF4A0 /* Preview Content */ = {
			isa = PBXGroup;
			children = (
				47FC678727CBBABF00AFF4A0 /* Preview Assets.xcassets */,
			);
			path = "Preview Content";
			sourceTree = "<group>";
		};
		47FC679027CBBABF00AFF4A0 /* UI-484Tests */ = {
			isa = PBXGroup;
			children = (
				47FC679127CBBABF00AFF4A0 /* UI_484Tests.swift */,
			);
			path = "UI-484Tests";
			sourceTree = "<group>";
		};
		47FC679A27CBBABF00AFF4A0 /* UI-484UITests */ = {
			isa = PBXGroup;
			children = (
				47FC679B27CBBABF00AFF4A0 /* UI_484UITests.swift */,
				47FC679D27CBBABF00AFF4A0 /* UI_484UITestsLaunchTests.swift */,
			);
			path = "UI-484UITests";
			sourceTree = "<group>";
		};
		47FC67AA27CBBADD00AFF4A0 /* View */ = {
			isa = PBXGroup;
			children = (
				47FC67AB27CBBAE300AFF4A0 /* Home.swift */,
			);
			path = View;
			sourceTree = "<group>";
		};
		47FC67AD27CBBAE500AFF4A0 /* Model */ = {
			isa = PBXGroup;
			children = (
				47FC67AE27CBBAF300AFF4A0 /* Card.swift */,
				47FC67B027CBBB0C00AFF4A0 /* Expense.swift */,
			);
			path = Model;
			sourceTree = "<group>";
		};
/* End PBXGroup section */

/* Begin PBXNativeTarget section */
		47FC677C27CBBABE00AFF4A0 /* UI-484 */ = {
			isa = PBXNativeTarget;
			buildConfigurationList = 47FC67A127CBBABF00AFF4A0 /* Build configuration list for PBXNativeTarget "UI-484" */;
			buildPhases = (
				47FC677927CBBABE00AFF4A0 /* Sources */,
				47FC677A27CBBABE00AFF4A0 /* Frameworks */,
				47FC677B27CBBABE00AFF4A0 /* Resources */,
			);
			buildRules = (
			);
			dependencies = (
			);
			name = "UI-484";
			productName = "UI-484";
			productReference = 47FC677D27CBBABE00AFF4A0 /* UI-484.app */;
			productType = "com.apple.product-type.application";
		};
		47FC678C27CBBABF00AFF4A0 /* UI-484Tests */ = {
			isa = PBXNativeTarget;
			buildConfigurationList = 47FC67A427CBBABF00AFF4A0 /* Build configuration list for PBXNativeTarget "UI-484Tests" */;
			buildPhases = (
				47FC678927CBBABF00AFF4A0 /* Sources */,
				47FC678A27CBBABF00AFF4A0 /* Frameworks */,
				47FC678B27CBBABF00AFF4A0 /* Resources */,
			);
			buildRules = (
			);
			dependencies = (
				47FC678F27CBBABF00AFF4A0 /* PBXTargetDependency */,
			);
			name = "UI-484Tests";
			productName = "UI-484Tests";
			productReference = 47FC678D27CBBABF00AFF4A0 /* UI-484Tests.xctest */;
			productType = "com.apple.product-type.bundle.unit-test";
		};
		47FC679627CBBABF00AFF4A0 /* UI-484UITests */ = {
			isa = PBXNativeTarget;
			buildConfigurationList = 47FC67A727CBBABF00AFF4A0 /* Build configuration list for PBXNativeTarget "UI-484UITests" */;
			buildPhases = (
				47FC679327CBBABF00AFF4A0 /* Sources */,
				47FC679427CBBABF00AFF4A0 /* Frameworks */,
				47FC679527CBBABF00AFF4A0 /* Resources */,
			);
			buildRules = (
			);
			dependencies = (
				47FC679927CBBABF00AFF4A0 /* PBXTargetDependency */,
			);
			name = "UI-484UITests";
			productName = "UI-484UITests";
			productReference = 47FC679727CBBABF00AFF4A0 /* UI-484UITests.xctest */;
			productType = "com.apple.product-type.bundle.ui-testing";
		};
/* End PBXNativeTarget section */

/* Begin PBXProject section */
		47FC677527CBBABE00AFF4A0 /* Project object */ = {
			isa = PBXProject;
			attributes = {
				BuildIndependentTargetsInParallel = 1;
				LastSwiftUpdateCheck = 1330;
				LastUpgradeCheck = 1330;
				TargetAttributes = {
					47FC677C27CBBABE00AFF4A0 = {
						CreatedOnToolsVersion = 13.3;
					};
					47FC678C27CBBABF00AFF4A0 = {
						CreatedOnToolsVersion = 13.3;
						TestTargetID = 47FC677C27CBBABE00AFF4A0;
					};
					47FC679627CBBABF00AFF4A0 = {
						CreatedOnToolsVersion = 13.3;
						TestTargetID = 47FC677C27CBBABE00AFF4A0;
					};
				};
			};
			buildConfigurationList = 47FC677827CBBABE00AFF4A0 /* Build configuration list for PBXProject "UI-484" */;
			compatibilityVersion = "Xcode 13.0";
			developmentRegion = en;
			hasScannedForEncodings = 0;
			knownRegions = (
				en,
				Base,
			);
			mainGroup = 47FC677427CBBABE00AFF4A0;
			productRefGroup = 47FC677E27CBBABE00AFF4A0 /* Products */;
			projectDirPath = "";
			projectRoot = "";
			targets = (
				47FC677C27CBBABE00AFF4A0 /* UI-484 */,
				47FC678C27CBBABF00AFF4A0 /* UI-484Tests */,
				47FC679627CBBABF00AFF4A0 /* UI-484UITests */,
			);
		};
/* End PBXProject section */

/* Begin PBXResourcesBuildPhase section */
		47FC677B27CBBABE00AFF4A0 /* Resources */ = {
			isa = PBXResourcesBuildPhase;
			buildActionMask = 2147483647;
			files = (
				47FC678827CBBABF00AFF4A0 /* Preview Assets.xcassets in Resources */,
				47FC678527CBBABF00AFF4A0 /* Assets.xcassets in Resources */,
			);
			runOnlyForDeploymentPostprocessing = 0;
		};
		47FC678B27CBBABF00AFF4A0 /* Resources */ = {
			isa = PBXResourcesBuildPhase;
			buildActionMask = 2147483647;
			files = (
			);
			runOnlyForDeploymentPostprocessing = 0;
		};
		47FC679527CBBABF00AFF4A0 /* Resources */ = {
			isa = PBXResourcesBuildPhase;
			buildActionMask = 2147483647;
			files = (
			);
			runOnlyForDeploymentPostprocessing = 0;
		};
/* End PBXResourcesBuildPhase section */

/* Begin PBXSourcesBuildPhase section */
		47FC677927CBBABE00AFF4A0 /* Sources */ = {
			isa = PBXSourcesBuildPhase;
			buildActionMask = 2147483647;
			files = (
				47FC678327CBBABE00AFF4A0 /* ContentView.swift in Sources */,
				47FC67AC27CBBAE300AFF4A0 /* Home.swift in Sources */,
				47FC678127CBBABE00AFF4A0 /* UI_484App.swift in Sources */,
				47FC67AF27CBBAF300AFF4A0 /* Card.swift in Sources */,
				47FC67B127CBBB0C00AFF4A0 /* Expense.swift in Sources */,
			);
			runOnlyForDeploymentPostprocessing = 0;
		};
		47FC678927CBBABF00AFF4A0 /* Sources */ = {
			isa = PBXSourcesBuildPhase;
			buildActionMask = 2147483647;
			files = (
				47FC679227CBBABF00AFF4A0 /* UI_484Tests.swift in Sources */,
			);
			runOnlyForDeploymentPostprocessing = 0;
		};
		47FC679327CBBABF00AFF4A0 /* Sources */ = {
			isa = PBXSourcesBuildPhase;
			buildActionMask = 2147483647;
			files = (
				47FC679C27CBBABF00AFF4A0 /* UI_484UITests.swift in Sources */,
				47FC679E27CBBABF00AFF4A0 /* UI_484UITestsLaunchTests.swift in Sources */,
			);
			runOnlyForDeploymentPostprocessing = 0;
		};
/* End PBXSourcesBuildPhase section */

/* Begin PBXTargetDependency section */
		47FC678F27CBBABF00AFF4A0 /* PBXTargetDependency */ = {
			isa = PBXTargetDependency;
			target = 47FC677C27CBBABE00AFF4A0 /* UI-484 */;
			targetProxy = 47FC678E27CBBABF00AFF4A0 /* PBXContainerItemProxy */;
		};
		47FC679927CBBABF00AFF4A0 /* PBXTargetDependency */ = {
			isa = PBXTargetDependency;
			target = 47FC677C27CBBABE00AFF4A0 /* UI-484 */;
			targetProxy = 47FC679827CBBABF00AFF4A0 /* PBXContainerItemProxy */;
		};
/* End PBXTargetDependency section */

/* Begin XCBuildConfiguration section */
		47FC679F27CBBABF00AFF4A0 /* Debug */ = {
			isa = XCBuildConfiguration;
			buildSettings = {
				ALWAYS_SEARCH_USER_PATHS = NO;
				CLANG_ANALYZER_NONNULL = YES;
				CLANG_ANALYZER_NUMBER_OBJECT_CONVERSION = YES_AGGRESSIVE;
				CLANG_CXX_LANGUAGE_STANDARD = "gnu++17";
				CLANG_ENABLE_MODULES = YES;
				CLANG_ENABLE_OBJC_ARC = YES;
				CLANG_ENABLE_OBJC_WEAK = YES;
				CLANG_WARN_BLOCK_CAPTURE_AUTORELEASING = YES;
				CLANG_WARN_BOOL_CONVERSION = YES;
				CLANG_WARN_COMMA = YES;
				CLANG_WARN_CONSTANT_CONVERSION = YES;
				CLANG_WARN_DEPRECATED_OBJC_IMPLEMENTATIONS = YES;
				CLANG_WARN_DIRECT_OBJC_ISA_USAGE = YES_ERROR;
				CLANG_WARN_DOCUMENTATION_COMMENTS = YES;
				CLANG_WARN_EMPTY_BODY = YES;
				CLANG_WARN_ENUM_CONVERSION = YES;
				CLANG_WARN_INFINITE_RECURSION = YES;
				CLANG_WARN_INT_CONVERSION = YES;
				CLANG_WARN_NON_LITERAL_NULL_CONVERSION = YES;
				CLANG_WARN_OBJC_IMPLICIT_RETAIN_SELF = YES;
				CLANG_WARN_OBJC_LITERAL_CONVERSION = YES;
				CLANG_WARN_OBJC_ROOT_CLASS = YES_ERROR;
				CLANG_WARN_QUOTED_INCLUDE_IN_FRAMEWORK_HEADER = YES;
				CLANG_WARN_RANGE_LOOP_ANALYSIS = YES;
				CLANG_WARN_STRICT_PROTOTYPES = YES;
				CLANG_WARN_SUSPICIOUS_MOVE = YES;
				CLANG_WARN_UNGUARDED_AVAILABILITY = YES_AGGRESSIVE;
				CLANG_WARN_UNREACHABLE_CODE = YES;
				CLANG_WARN__DUPLICATE_METHOD_MATCH = YES;
				COPY_PHASE_STRIP = NO;
				DEBUG_INFORMATION_FORMAT = dwarf;
				ENABLE_STRICT_OBJC_MSGSEND = YES;
				ENABLE_TESTABILITY = YES;
				GCC_C_LANGUAGE_STANDARD = gnu11;
				GCC_DYNAMIC_NO_PIC = NO;
				GCC_NO_COMMON_BLOCKS = YES;
				GCC_OPTIMIZATION_LEVEL = 0;
				GCC_PREPROCESSOR_DEFINITIONS = (
					"DEBUG=1",
					"$(inherited)",
				);
				GCC_WARN_64_TO_32_BIT_CONVERSION = YES;
				GCC_WARN_ABOUT_RETURN_TYPE = YES_ERROR;
				GCC_WARN_UNDECLARED_SELECTOR = YES;
				GCC_WARN_UNINITIALIZED_AUTOS = YES_AGGRESSIVE;
				GCC_WARN_UNUSED_FUNCTION = YES;
				GCC_WARN_UNUSED_VARIABLE = YES;
				IPHONEOS_DEPLOYMENT_TARGET = 15.4;
				MTL_ENABLE_DEBUG_INFO = INCLUDE_SOURCE;
				MTL_FAST_MATH = YES;
				ONLY_ACTIVE_ARCH = YES;
				SDKROOT = iphoneos;
				SWIFT_ACTIVE_COMPILATION_CONDITIONS = DEBUG;
				SWIFT_OPTIMIZATION_LEVEL = "-Onone";
			};
			name = Debug;
		};
		47FC67A027CBBABF00AFF4A0 /* Release */ = {
			isa = XCBuildConfiguration;
			buildSettings = {
				ALWAYS_SEARCH_USER_PATHS = NO;
				CLANG_ANALYZER_NONNULL = YES;
				CLANG_ANALYZER_NUMBER_OBJECT_CONVERSION = YES_AGGRESSIVE;
				CLANG_CXX_LANGUAGE_STANDARD = "gnu++17";
				CLANG_ENABLE_MODULES = YES;
				CLANG_ENABLE_OBJC_ARC = YES;
				CLANG_ENABLE_OBJC_WEAK = YES;
				CLANG_WARN_BLOCK_CAPTURE_AUTORELEASING = YES;
				CLANG_WARN_BOOL_CONVERSION = YES;
				CLANG_WARN_COMMA = YES;
				CLANG_WARN_CONSTANT_CONVERSION = YES;
				CLANG_WARN_DEPRECATED_OBJC_IMPLEMENTATIONS = YES;
				CLANG_WARN_DIRECT_OBJC_ISA_USAGE = YES_ERROR;
				CLANG_WARN_DOCUMENTATION_COMMENTS = YES;
				CLANG_WARN_EMPTY_BODY = YES;
				CLANG_WARN_ENUM_CONVERSION = YES;
				CLANG_WARN_INFINITE_RECURSION = YES;
				CLANG_WARN_INT_CONVERSION = YES;
				CLANG_WARN_NON_LITERAL_NULL_CONVERSION = YES;
				CLANG_WARN_OBJC_IMPLICIT_RETAIN_SELF = YES;
				CLANG_WARN_OBJC_LITERAL_CONVERSION = YES;
				CLANG_WARN_OBJC_ROOT_CLASS = YES_ERROR;
				CLANG_WARN_QUOTED_INCLUDE_IN_FRAMEWORK_HEADER = YES;
				CLANG_WARN_RANGE_LOOP_ANALYSIS = YES;
				CLANG_WARN_STRICT_PROTOTYPES = YES;
				CLANG_WARN_SUSPICIOUS_MOVE = YES;
				CLANG_WARN_UNGUARDED_AVAILABILITY = YES_AGGRESSIVE;
				CLANG_WARN_UNREACHABLE_CODE = YES;
				CLANG_WARN__DUPLICATE_METHOD_MATCH = YES;
				COPY_PHASE_STRIP = NO;
				DEBUG_INFORMATION_FORMAT = "dwarf-with-dsym";
				ENABLE_NS_ASSERTIONS = NO;
				ENABLE_STRICT_OBJC_MSGSEND = YES;
				GCC_C_LANGUAGE_STANDARD = gnu11;
				GCC_NO_COMMON_BLOCKS = YES;
				GCC_WARN_64_TO_32_BIT_CONVERSION = YES;
				GCC_WARN_ABOUT_RETURN_TYPE = YES_ERROR;
				GCC_WARN_UNDECLARED_SELECTOR = YES;
				GCC_WARN_UNINITIALIZED_AUTOS = YES_AGGRESSIVE;
				GCC_WARN_UNUSED_FUNCTION = YES;
				GCC_WARN_UNUSED_VARIABLE = YES;
				IPHONEOS_DEPLOYMENT_TARGET = 15.4;
				MTL_ENABLE_DEBUG_INFO = NO;
				MTL_FAST_MATH = YES;
				SDKROOT = iphoneos;
				SWIFT_COMPILATION_MODE = wholemodule;
				SWIFT_OPTIMIZATION_LEVEL = "-O";
				VALIDATE_PRODUCT = YES;
			};
			name = Release;
		};
		47FC67A227CBBABF00AFF4A0 /* Debug */ = {
			isa = XCBuildConfiguration;
			buildSettings = {
				ASSETCATALOG_COMPILER_APPICON_NAME = AppIcon;
				ASSETCATALOG_COMPILER_GLOBAL_ACCENT_COLOR_NAME = AccentColor;
				CODE_SIGN_STYLE = Automatic;
				CURRENT_PROJECT_VERSION = 1;
				DEVELOPMENT_ASSET_PATHS = "\"UI-484/Preview Content\"";
				DEVELOPMENT_TEAM = 8CL4U468K5;
				ENABLE_PREVIEWS = YES;
				GENERATE_INFOPLIST_FILE = YES;
				INFOPLIST_KEY_UIApplicationSceneManifest_Generation = YES;
				INFOPLIST_KEY_UIApplicationSupportsIndirectInputEvents = YES;
				INFOPLIST_KEY_UILaunchScreen_Generation = YES;
				INFOPLIST_KEY_UISupportedInterfaceOrientations_iPad = "UIInterfaceOrientationPortrait UIInterfaceOrientationPortraitUpsideDown UIInterfaceOrientationLandscapeLeft UIInterfaceOrientationLandscapeRight";
				INFOPLIST_KEY_UISupportedInterfaceOrientations_iPhone = "UIInterfaceOrientationPortrait UIInterfaceOrientationLandscapeLeft UIInterfaceOrientationLandscapeRight";
				LD_RUNPATH_SEARCH_PATHS = (
					"$(inherited)",
					"@executable_path/Frameworks",
				);
				MARKETING_VERSION = 1.0;
				PRODUCT_BUNDLE_IDENTIFIER = "com.585.UI-484";
				PRODUCT_NAME = "$(TARGET_NAME)";
				SWIFT_EMIT_LOC_STRINGS = YES;
				SWIFT_VERSION = 5.0;
				TARGETED_DEVICE_FAMILY = "1,2";
			};
			name = Debug;
		};
		47FC67A327CBBABF00AFF4A0 /* Release */ = {
			isa = XCBuildConfiguration;
			buildSettings = {
				ASSETCATALOG_COMPILER_APPICON_NAME = AppIcon;
				ASSETCATALOG_COMPILER_GLOBAL_ACCENT_COLOR_NAME = AccentColor;
				CODE_SIGN_STYLE = Automatic;
				CURRENT_PROJECT_VERSION = 1;
				DEVELOPMENT_ASSET_PATHS = "\"UI-484/Preview Content\"";
				DEVELOPMENT_TEAM = 8CL4U468K5;
				ENABLE_PREVIEWS = YES;
				GENERATE_INFOPLIST_FILE = YES;
				INFOPLIST_KEY_UIApplicationSceneManifest_Generation = YES;
				INFOPLIST_KEY_UIApplicationSupportsIndirectInputEvents = YES;
				INFOPLIST_KEY_UILaunchScreen_Generation = YES;
				INFOPLIST_KEY_UISupportedInterfaceOrientations_iPad = "UIInterfaceOrientationPortrait UIInterfaceOrientationPortraitUpsideDown UIInterfaceOrientationLandscapeLeft UIInterfaceOrientationLandscapeRight";
				INFOPLIST_KEY_UISupportedInterfaceOrientations_iPhone = "UIInterfaceOrientationPortrait UIInterfaceOrientationLandscapeLeft UIInterfaceOrientationLandscapeRight";
				LD_RUNPATH_SEARCH_PATHS = (
					"$(inherited)",
					"@executable_path/Frameworks",
				);
				MARKETING_VERSION = 1.0;
				PRODUCT_BUNDLE_IDENTIFIER = "com.585.UI-484";
				PRODUCT_NAME = "$(TARGET_NAME)";
				SWIFT_EMIT_LOC_STRINGS = YES;
				SWIFT_VERSION = 5.0;
				TARGETED_DEVICE_FAMILY = "1,2";
			};
			name = Release;
		};
		47FC67A527CBBABF00AFF4A0 /* Debug */ = {
			isa = XCBuildConfiguration;
			buildSettings = {
				ALWAYS_EMBED_SWIFT_STANDARD_LIBRARIES = YES;
				BUNDLE_LOADER = "$(TEST_HOST)";
				CODE_SIGN_STYLE = Automatic;
				CURRENT_PROJECT_VERSION = 1;
				DEVELOPMENT_TEAM = 8CL4U468K5;
				GENERATE_INFOPLIST_FILE = YES;
				IPHONEOS_DEPLOYMENT_TARGET = 15.4;
				MARKETING_VERSION = 1.0;
				PRODUCT_BUNDLE_IDENTIFIER = "com.585.UI-484Tests";
				PRODUCT_NAME = "$(TARGET_NAME)";
				SWIFT_EMIT_LOC_STRINGS = NO;
				SWIFT_VERSION = 5.0;
				TARGETED_DEVICE_FAMILY = "1,2";
				TEST_HOST = "$(BUILT_PRODUCTS_DIR)/UI-484.app/UI-484";
			};
			name = Debug;
		};
		47FC67A627CBBABF00AFF4A0 /* Release */ = {
			isa = XCBuildConfiguration;
			buildSettings = {
				ALWAYS_EMBED_SWIFT_STANDARD_LIBRARIES = YES;
				BUNDLE_LOADER = "$(TEST_HOST)";
				CODE_SIGN_STYLE = Automatic;
				CURRENT_PROJECT_VERSION = 1;
				DEVELOPMENT_TEAM = 8CL4U468K5;
				GENERATE_INFOPLIST_FILE = YES;
				IPHONEOS_DEPLOYMENT_TARGET = 15.4;
				MARKETING_VERSION = 1.0;
				PRODUCT_BUNDLE_IDENTIFIER = "com.585.UI-484Tests";
				PRODUCT_NAME = "$(TARGET_NAME)";
				SWIFT_EMIT_LOC_STRINGS = NO;
				SWIFT_VERSION = 5.0;
				TARGETED_DEVICE_FAMILY = "1,2";
				TEST_HOST = "$(BUILT_PRODUCTS_DIR)/UI-484.app/UI-484";
			};
			name = Release;
		};
		47FC67A827CBBABF00AFF4A0 /* Debug */ = {
			isa = XCBuildConfiguration;
			buildSettings = {
				ALWAYS_EMBED_SWIFT_STANDARD_LIBRARIES = YES;
				CODE_SIGN_STYLE = Automatic;
				CURRENT_PROJECT_VERSION = 1;
				DEVELOPMENT_TEAM = 8CL4U468K5;
				GENERATE_INFOPLIST_FILE = YES;
				MARKETING_VERSION = 1.0;
				PRODUCT_BUNDLE_IDENTIFIER = "com.585.UI-484UITests";
				PRODUCT_NAME = "$(TARGET_NAME)";
				SWIFT_EMIT_LOC_STRINGS = NO;
				SWIFT_VERSION = 5.0;
				TARGETED_DEVICE_FAMILY = "1,2";
				TEST_TARGET_NAME = "UI-484";
			};
			name = Debug;
		};
		47FC67A927CBBABF00AFF4A0 /* Release */ = {
			isa = XCBuildConfiguration;
			buildSettings = {
				ALWAYS_EMBED_SWIFT_STANDARD_LIBRARIES = YES;
				CODE_SIGN_STYLE = Automatic;
				CURRENT_PROJECT_VERSION = 1;
				DEVELOPMENT_TEAM = 8CL4U468K5;
				GENERATE_INFOPLIST_FILE = YES;
				MARKETING_VERSION = 1.0;
				PRODUCT_BUNDLE_IDENTIFIER = "com.585.UI-484UITests";
				PRODUCT_NAME = "$(TARGET_NAME)";
				SWIFT_EMIT_LOC_STRINGS = NO;
				SWIFT_VERSION = 5.0;
				TARGETED_DEVICE_FAMILY = "1,2";
				TEST_TARGET_NAME = "UI-484";
			};
			name = Release;
		};
/* End XCBuildConfiguration section */

/* Begin XCConfigurationList section */
		47FC677827CBBABE00AFF4A0 /* Build configuration list for PBXProject "UI-484" */ = {
			isa = XCConfigurationList;
			buildConfigurations = (
				47FC679F27CBBABF00AFF4A0 /* Debug */,
				47FC67A027CBBABF00AFF4A0 /* Release */,
			);
			defaultConfigurationIsVisible = 0;
			defaultConfigurationName = Release;
		};
		47FC67A127CBBABF00AFF4A0 /* Build configuration list for PBXNativeTarget "UI-484" */ = {
			isa = XCConfigurationList;
			buildConfigurations = (
				47FC67A227CBBABF00AFF4A0 /* Debug */,
				47FC67A327CBBABF00AFF4A0 /* Release */,
			);
			defaultConfigurationIsVisible = 0;
			defaultConfigurationName = Release;
		};
		47FC67A427CBBABF00AFF4A0 /* Build configuration list for PBXNativeTarget "UI-484Tests" */ = {
			isa = XCConfigurationList;
			buildConfigurations = (
				47FC67A527CBBABF00AFF4A0 /* Debug */,
				47FC67A627CBBABF00AFF4A0 /* Release */,
			);
			defaultConfigurationIsVisible = 0;
			defaultConfigurationName = Release;
		};
		47FC67A727CBBABF00AFF4A0 /* Build configuration list for PBXNativeTarget "UI-484UITests" */ = {
			isa = XCConfigurationList;
			buildConfigurations = (
				47FC67A827CBBABF00AFF4A0 /* Debug */,
				47FC67A927CBBABF00AFF4A0 /* Release */,
			);
			defaultConfigurationIsVisible = 0;
			defaultConfigurationName = Release;
		};
/* End XCConfigurationList section */
	};
	rootObject = 47FC677527CBBABE00AFF4A0 /* Project object */;
}
